// !$*UTF8*$!
{
	archiveVersion = 1;
	classes = {
	};
	objectVersion = 46;
	objects = {

/* Begin PBXBuildFile section */
		4702FFAB1FD94475002DDD9F /* AppDelegate.swift in Sources */ = {isa = PBXBuildFile; fileRef = 4702FFAA1FD94475002DDD9F /* AppDelegate.swift */; };
		4702FFB21FD94475002DDD9F /* Assets.xcassets in Resources */ = {isa = PBXBuildFile; fileRef = 4702FFB11FD94475002DDD9F /* Assets.xcassets */; };
		4702FFB51FD94475002DDD9F /* LaunchScreen.storyboard in Resources */ = {isa = PBXBuildFile; fileRef = 4702FFB31FD94475002DDD9F /* LaunchScreen.storyboard */; };
		4702FFC01FD94835002DDD9F /* Global.swift in Sources */ = {isa = PBXBuildFile; fileRef = 4702FFBF1FD94835002DDD9F /* Global.swift */; };
		4702FFC21FD94A3C002DDD9F /* FactsVC.swift in Sources */ = {isa = PBXBuildFile; fileRef = 4702FFC11FD94A3C002DDD9F /* FactsVC.swift */; };
		FE8DD5A5FF2F7727B14A1971 /* Pods_WiproMagnaTest.framework in Frameworks */ = {isa = PBXBuildFile; fileRef = 32371FF4532FF4C14FC18533 /* Pods_WiproMagnaTest.framework */; };
/* End PBXBuildFile section */

/* Begin PBXFileReference section */
		32371FF4532FF4C14FC18533 /* Pods_WiproMagnaTest.framework */ = {isa = PBXFileReference; explicitFileType = wrapper.framework; includeInIndex = 0; path = Pods_WiproMagnaTest.framework; sourceTree = BUILT_PRODUCTS_DIR; };
		4702FFA71FD94474002DDD9F /* WiproMagnaTest.app */ = {isa = PBXFileReference; explicitFileType = wrapper.application; includeInIndex = 0; path = WiproMagnaTest.app; sourceTree = BUILT_PRODUCTS_DIR; };
		4702FFAA1FD94475002DDD9F /* AppDelegate.swift */ = {isa = PBXFileReference; lastKnownFileType = sourcecode.swift; path = AppDelegate.swift; sourceTree = "<group>"; };
		4702FFB11FD94475002DDD9F /* Assets.xcassets */ = {isa = PBXFileReference; lastKnownFileType = folder.assetcatalog; path = Assets.xcassets; sourceTree = "<group>"; };
		4702FFB41FD94475002DDD9F /* Base */ = {isa = PBXFileReference; lastKnownFileType = file.storyboard; name = Base; path = Base.lproj/LaunchScreen.storyboard; sourceTree = "<group>"; };
		4702FFB61FD94475002DDD9F /* Info.plist */ = {isa = PBXFileReference; lastKnownFileType = text.plist.xml; path = Info.plist; sourceTree = "<group>"; };
		4702FFBF1FD94835002DDD9F /* Global.swift */ = {isa = PBXFileReference; fileEncoding = 4; lastKnownFileType = sourcecode.swift; path = Global.swift; sourceTree = "<group>"; };
		4702FFC11FD94A3C002DDD9F /* FactsVC.swift */ = {isa = PBXFileReference; fileEncoding = 4; lastKnownFileType = sourcecode.swift; path = FactsVC.swift; sourceTree = "<group>"; };
		6BAE5F5151FA7F3BB3D3208D /* Pods-WiproMagnaTest.release.xcconfig */ = {isa = PBXFileReference; includeInIndex = 1; lastKnownFileType = text.xcconfig; name = "Pods-WiproMagnaTest.release.xcconfig"; path = "Pods/Target Support Files/Pods-WiproMagnaTest/Pods-WiproMagnaTest.release.xcconfig"; sourceTree = "<group>"; };
		839023E6854F3B124DD9164A /* Pods-WiproMagnaTest.debug.xcconfig */ = {isa = PBXFileReference; includeInIndex = 1; lastKnownFileType = text.xcconfig; name = "Pods-WiproMagnaTest.debug.xcconfig"; path = "Pods/Target Support Files/Pods-WiproMagnaTest/Pods-WiproMagnaTest.debug.xcconfig"; sourceTree = "<group>"; };
/* End PBXFileReference section */

/* Begin PBXFrameworksBuildPhase section */
		4702FFA41FD94474002DDD9F /* Frameworks */ = {
			isa = PBXFrameworksBuildPhase;
			buildActionMask = 2147483647;
			files = (
				FE8DD5A5FF2F7727B14A1971 /* Pods_WiproMagnaTest.framework in Frameworks */,
			);
			runOnlyForDeploymentPostprocessing = 0;
		};
/* End PBXFrameworksBuildPhase section */

/* Begin PBXGroup section */
		300070BC52B45546C3A0C2C6 /* Frameworks */ = {
			isa = PBXGroup;
			children = (
				32371FF4532FF4C14FC18533 /* Pods_WiproMagnaTest.framework */,
			);
			name = Frameworks;
			sourceTree = "<group>";
		};
		35A06E7079459E1322D32F32 /* Pods */ = {
			isa = PBXGroup;
			children = (
				839023E6854F3B124DD9164A /* Pods-WiproMagnaTest.debug.xcconfig */,
				6BAE5F5151FA7F3BB3D3208D /* Pods-WiproMagnaTest.release.xcconfig */,
			);
			name = Pods;
			sourceTree = "<group>";
		};
		4702FF9E1FD94474002DDD9F = {
			isa = PBXGroup;
			children = (
				4702FFA91FD94475002DDD9F /* WiproMagnaTest */,
				4702FFA81FD94474002DDD9F /* Products */,
				35A06E7079459E1322D32F32 /* Pods */,
				300070BC52B45546C3A0C2C6 /* Frameworks */,
			);
			sourceTree = "<group>";
		};
		4702FFA81FD94474002DDD9F /* Products */ = {
			isa = PBXGroup;
			children = (
				4702FFA71FD94474002DDD9F /* WiproMagnaTest.app */,
			);
			name = Products;
			sourceTree = "<group>";
		};
		4702FFA91FD94475002DDD9F /* WiproMagnaTest */ = {
			isa = PBXGroup;
			children = (
				4702FFBD1FD947E5002DDD9F /* Entities */,
				4702FFAA1FD94475002DDD9F /* AppDelegate.swift */,
				4702FFBC1FD947E5002DDD9F /* Controller */,
				4702FFBE1FD947E5002DDD9F /* Model */,
				4702FFB11FD94475002DDD9F /* Assets.xcassets */,
				4702FFB31FD94475002DDD9F /* LaunchScreen.storyboard */,
				4702FFB61FD94475002DDD9F /* Info.plist */,
			);
			path = WiproMagnaTest;
			sourceTree = "<group>";
		};
		4702FFBC1FD947E5002DDD9F /* Controller */ = {
			isa = PBXGroup;
			children = (
				4702FFC11FD94A3C002DDD9F /* FactsVC.swift */,
			);
			path = Controller;
			sourceTree = "<group>";
		};
		4702FFBD1FD947E5002DDD9F /* Entities */ = {
			isa = PBXGroup;
			children = (
				4702FFBF1FD94835002DDD9F /* Global.swift */,
			);
			path = Entities;
			sourceTree = "<group>";
		};
		4702FFBE1FD947E5002DDD9F /* Model */ = {
			isa = PBXGroup;
			children = (
			);
			path = Model;
			sourceTree = "<group>";
		};
/* End PBXGroup section */

/* Begin PBXNativeTarget section */
		4702FFA61FD94474002DDD9F /* WiproMagnaTest */ = {
			isa = PBXNativeTarget;
			buildConfigurationList = 4702FFB91FD94475002DDD9F /* Build configuration list for PBXNativeTarget "WiproMagnaTest" */;
			buildPhases = (
				8FC58D7AACDBCDA5F8C9B813 /* [CP] Check Pods Manifest.lock */,
				4702FFA31FD94474002DDD9F /* Sources */,
				4702FFA41FD94474002DDD9F /* Frameworks */,
				4702FFA51FD94474002DDD9F /* Resources */,
				BDC37279C82DE38CF82BD35F /* [CP] Embed Pods Frameworks */,
				0A0CA3F225471881850B99F1 /* [CP] Copy Pods Resources */,
			);
			buildRules = (
			);
			dependencies = (
			);
			name = WiproMagnaTest;
			productName = WiproMagnaTest;
			productReference = 4702FFA71FD94474002DDD9F /* WiproMagnaTest.app */;
			productType = "com.apple.product-type.application";
		};
/* End PBXNativeTarget section */

/* Begin PBXProject section */
		4702FF9F1FD94474002DDD9F /* Project object */ = {
			isa = PBXProject;
			attributes = {
				LastSwiftUpdateCheck = 0830;
				LastUpgradeCheck = 0830;
				ORGANIZATIONNAME = "Samir Rathod";
				TargetAttributes = {
					4702FFA61FD94474002DDD9F = {
						CreatedOnToolsVersion = 8.3.1;
						ProvisioningStyle = Automatic;
					};
				};
			};
			buildConfigurationList = 4702FFA21FD94474002DDD9F /* Build configuration list for PBXProject "WiproMagnaTest" */;
			compatibilityVersion = "Xcode 3.2";
			developmentRegion = English;
			hasScannedForEncodings = 0;
			knownRegions = (
				en,
				Base,
			);
			mainGroup = 4702FF9E1FD94474002DDD9F;
			productRefGroup = 4702FFA81FD94474002DDD9F /* Products */;
			projectDirPath = "";
			projectRoot = "";
			targets = (
				4702FFA61FD94474002DDD9F /* WiproMagnaTest */,
			);
		};
/* End PBXProject section */

/* Begin PBXResourcesBuildPhase section */
		4702FFA51FD94474002DDD9F /* Resources */ = {
			isa = PBXResourcesBuildPhase;
			buildActionMask = 2147483647;
			files = (
				4702FFB51FD94475002DDD9F /* LaunchScreen.storyboard in Resources */,
				4702FFB21FD94475002DDD9F /* Assets.xcassets in Resources */,
			);
			runOnlyForDeploymentPostprocessing = 0;
		};
/* End PBXResourcesBuildPhase section */

/* Begin PBXShellScriptBuildPhase section */
		0A0CA3F225471881850B99F1 /* [CP] Copy Pods Resources */ = {
			isa = PBXShellScriptBuildPhase;
			buildActionMask = 2147483647;
			files = (
			);
			inputPaths = (
			);
			name = "[CP] Copy Pods Resources";
			outputPaths = (
			);
			runOnlyForDeploymentPostprocessing = 0;
			shellPath = /bin/sh;
			shellScript = "\"${SRCROOT}/Pods/Target Support Files/Pods-WiproMagnaTest/Pods-WiproMagnaTest-resources.sh\"\n";
			showEnvVarsInLog = 0;
		};
		8FC58D7AACDBCDA5F8C9B813 /* [CP] Check Pods Manifest.lock */ = {
			isa = PBXShellScriptBuildPhase;
			buildActionMask = 2147483647;
			files = (
			);
			inputPaths = (
				"${PODS_PODFILE_DIR_PATH}/Podfile.lock",
				"${PODS_ROOT}/Manifest.lock",
			);
			name = "[CP] Check Pods Manifest.lock";
			outputPaths = (
				"$(DERIVED_FILE_DIR)/Pods-WiproMagnaTest-checkManifestLockResult.txt",
			);
			runOnlyForDeploymentPostprocessing = 0;
			shellPath = /bin/sh;
			shellScript = "diff \"${PODS_PODFILE_DIR_PATH}/Podfile.lock\" \"${PODS_ROOT}/Manifest.lock\" > /dev/null\nif [ $? != 0 ] ; then\n    # print error to STDERR\n    echo \"error: The sandbox is not in sync with the Podfile.lock. Run 'pod install' or update your CocoaPods installation.\" >&2\n    exit 1\nfi\n# This output is used by Xcode 'outputs' to avoid re-running this script phase.\necho \"SUCCESS\" > \"${SCRIPT_OUTPUT_FILE_0}\"\n";
			showEnvVarsInLog = 0;
		};
		BDC37279C82DE38CF82BD35F /* [CP] Embed Pods Frameworks */ = {
			isa = PBXShellScriptBuildPhase;
			buildActionMask = 2147483647;
			files = (
			);
			inputPaths = (
				"${SRCROOT}/Pods/Target Support Files/Pods-WiproMagnaTest/Pods-WiproMagnaTest-frameworks.sh",
				"${BUILT_PRODUCTS_DIR}/SDWebImage/SDWebImage.framework",
			);
			name = "[CP] Embed Pods Frameworks";
			outputPaths = (
				"${TARGET_BUILD_DIR}/${FRAMEWORKS_FOLDER_PATH}/SDWebImage.framework",
			);
			runOnlyForDeploymentPostprocessing = 0;
			shellPath = /bin/sh;
			shellScript = "\"${SRCROOT}/Pods/Target Support Files/Pods-WiproMagnaTest/Pods-WiproMagnaTest-frameworks.sh\"\n";
			showEnvVarsInLog = 0;
		};
/* End PBXShellScriptBuildPhase section */

/* Begin PBXSourcesBuildPhase section */
		4702FFA31FD94474002DDD9F /* Sources */ = {
			isa = PBXSourcesBuildPhase;
			buildActionMask = 2147483647;
			files = (
				4702FFC21FD94A3C002DDD9F /* FactsVC.swift in Sources */,
				4702FFC01FD94835002DDD9F /* Global.swift in Sources */,
				4702FFAB1FD94475002DDD9F /* AppDelegate.swift in Sources */,
			);
			runOnlyForDeploymentPostprocessing = 0;
		};
/* End PBXSourcesBuildPhase section */

/* Begin PBXVariantGroup section */
		4702FFB31FD94475002DDD9F /* LaunchScreen.storyboard */ = {
			isa = PBXVariantGroup;
			children = (
				4702FFB41FD94475002DDD9F /* Base */,
			);
			name = LaunchScreen.storyboard;
			sourceTree = "<group>";
		};
/* End PBXVariantGroup section */

/* Begin XCBuildConfiguration section */
		4702FFB71FD94475002DDD9F /* Debug */ = {
			isa = XCBuildConfiguration;
			buildSettings = {
				ALWAYS_SEARCH_USER_PATHS = NO;
				CLANG_ANALYZER_NONNULL = YES;
				CLANG_ANALYZER_NUMBER_OBJECT_CONVERSION = YES_AGGRESSIVE;
				CLANG_CXX_LANGUAGE_STANDARD = "gnu++0x";
				CLANG_CXX_LIBRARY = "libc++";
				CLANG_ENABLE_MODULES = YES;
				CLANG_ENABLE_OBJC_ARC = YES;
				CLANG_WARN_BOOL_CONVERSION = YES;
				CLANG_WARN_CONSTANT_CONVERSION = YES;
				CLANG_WARN_DIRECT_OBJC_ISA_USAGE = YES_ERROR;
				CLANG_WARN_DOCUMENTATION_COMMENTS = YES;
				CLANG_WARN_EMPTY_BODY = YES;
				CLANG_WARN_ENUM_CONVERSION = YES;
				CLANG_WARN_INFINITE_RECURSION = YES;
				CLANG_WARN_INT_CONVERSION = YES;
				CLANG_WARN_OBJC_ROOT_CLASS = YES_ERROR;
				CLANG_WARN_SUSPICIOUS_MOVE = YES;
				CLANG_WARN_UNREACHABLE_CODE = YES;
				CLANG_WARN__DUPLICATE_METHOD_MATCH = YES;
				"CODE_SIGN_IDENTITY[sdk=iphoneos*]" = "iPhone Developer";
				COPY_PHASE_STRIP = NO;
				DEBUG_INFORMATION_FORMAT = dwarf;
				ENABLE_STRICT_OBJC_MSGSEND = YES;
				ENABLE_TESTABILITY = YES;
				GCC_C_LANGUAGE_STANDARD = gnu99;
				GCC_DYNAMIC_NO_PIC = NO;
				GCC_NO_COMMON_BLOCKS = YES;
				GCC_OPTIMIZATION_LEVEL = 0;
				GCC_PREPROCESSOR_DEFINITIONS = (
					"DEBUG=1",
					"$(inherited)",
				);
				GCC_WARN_64_TO_32_BIT_CONVERSION = YES;
				GCC_WARN_ABOUT_RETURN_TYPE = YES_ERROR;
				GCC_WARN_UNDECLARED_SELECTOR = YES;
				GCC_WARN_UNINITIALIZED_AUTOS = YES_AGGRESSIVE;
				GCC_WARN_UNUSED_FUNCTION = YES;
				GCC_WARN_UNUSED_VARIABLE = YES;
				IPHONEOS_DEPLOYMENT_TARGET = 10.3;
				MTL_ENABLE_DEBUG_INFO = YES;
				ONLY_ACTIVE_ARCH = YES;
				SDKROOT = iphoneos;
				SWIFT_ACTIVE_COMPILATION_CONDITIONS = DEBUG;
				SWIFT_OPTIMIZATION_LEVEL = "-Onone";
				TARGETED_DEVICE_FAMILY = "1,2";
			};
			name = Debug;
		};
		4702FFB81FD94475002DDD9F /* Release */ = {
			isa = XCBuildConfiguration;
			buildSettings = {
				ALWAYS_SEARCH_USER_PATHS = NO;
				CLANG_ANALYZER_NONNULL = YES;
				CLANG_ANALYZER_NUMBER_OBJECT_CONVERSION = YES_AGGRESSIVE;
				CLANG_CXX_LANGUAGE_STANDARD = "gnu++0x";
				CLANG_CXX_LIBRARY = "libc++";
				CLANG_ENABLE_MODULES = YES;
				CLANG_ENABLE_OBJC_ARC = YES;
				CLANG_WARN_BOOL_CONVERSION = YES;
				CLANG_WARN_CONSTANT_CONVERSION = YES;
				CLANG_WARN_DIRECT_OBJC_ISA_USAGE = YES_ERROR;
				CLANG_WARN_DOCUMENTATION_COMMENTS = YES;
				CLANG_WARN_EMPTY_BODY = YES;
				CLANG_WARN_ENUM_CONVERSION = YES;
				CLANG_WARN_INFINITE_RECURSION = YES;
				CLANG_WARN_INT_CONVERSION = YES;
				CLANG_WARN_OBJC_ROOT_CLASS = YES_ERROR;
				CLANG_WARN_SUSPICIOUS_MOVE = YES;
				CLANG_WARN_UNREACHABLE_CODE = YES;
				CLANG_WARN__DUPLICATE_METHOD_MATCH = YES;
				"CODE_SIGN_IDENTITY[sdk=iphoneos*]" = "iPhone Developer";
				COPY_PHASE_STRIP = NO;
				DEBUG_INFORMATION_FORMAT = "dwarf-with-dsym";
				ENABLE_NS_ASSERTIONS = NO;
				ENABLE_STRICT_OBJC_MSGSEND = YES;
				GCC_C_LANGUAGE_STANDARD = gnu99;
				GCC_NO_COMMON_BLOCKS = YES;
				GCC_WARN_64_TO_32_BIT_CONVERSION = YES;
				GCC_WARN_ABOUT_RETURN_TYPE = YES_ERROR;
				GCC_WARN_UNDECLARED_SELECTOR = YES;
				GCC_WARN_UNINITIALIZED_AUTOS = YES_AGGRESSIVE;
				GCC_WARN_UNUSED_FUNCTION = YES;
				GCC_WARN_UNUSED_VARIABLE = YES;
				IPHONEOS_DEPLOYMENT_TARGET = 10.3;
				MTL_ENABLE_DEBUG_INFO = NO;
				SDKROOT = iphoneos;
				SWIFT_OPTIMIZATION_LEVEL = "-Owholemodule";
				TARGETED_DEVICE_FAMILY = "1,2";
				VALIDATE_PRODUCT = YES;
			};
			name = Release;
		};
		4702FFBA1FD94475002DDD9F /* Debug */ = {
			isa = XCBuildConfiguration;
			baseConfigurationReference = 839023E6854F3B124DD9164A /* Pods-WiproMagnaTest.debug.xcconfig */;
			buildSettings = {
				ASSETCATALOG_COMPILER_APPICON_NAME = AppIcon;
				INFOPLIST_FILE = WiproMagnaTest/Info.plist;
				IPHONEOS_DEPLOYMENT_TARGET = 8.0;
				LD_RUNPATH_SEARCH_PATHS = "$(inherited) @executable_path/Frameworks";
				PRODUCT_BUNDLE_IDENTIFIER = Samir.WiproMagnaTest;
				PRODUCT_NAME = "$(TARGET_NAME)";
				SWIFT_VERSION = 3.0;
			};
			name = Debug;
		};
		4702FFBB1FD94475002DDD9F /* Release */ = {
			isa = XCBuildConfiguration;
			baseConfigurationReference = 6BAE5F5151FA7F3BB3D3208D /* Pods-WiproMagnaTest.release.xcconfig */;
			buildSettings = {
				ASSETCATALOG_COMPILER_APPICON_NAME = AppIcon;
				INFOPLIST_FILE = WiproMagnaTest/Info.plist;
				IPHONEOS_DEPLOYMENT_TARGET = 8.0;
				LD_RUNPATH_SEARCH_PATHS = "$(inherited) @executable_path/Frameworks";
				PRODUCT_BUNDLE_IDENTIFIER = Samir.WiproMagnaTest;
				PRODUCT_NAME = "$(TARGET_NAME)";
				SWIFT_VERSION = 3.0;
			};
			name = Release;
		};
/* End XCBuildConfiguration section */

/* Begin XCConfigurationList section */
		4702FFA21FD94474002DDD9F /* Build configuration list for PBXProject "WiproMagnaTest" */ = {
			isa = XCConfigurationList;
			buildConfigurations = (
				4702FFB71FD94475002DDD9F /* Debug */,
				4702FFB81FD94475002DDD9F /* Release */,
			);
			defaultConfigurationIsVisible = 0;
			defaultConfigurationName = Release;
		};
		4702FFB91FD94475002DDD9F /* Build configuration list for PBXNativeTarget "WiproMagnaTest" */ = {
			isa = XCConfigurationList;
			buildConfigurations = (
				4702FFBA1FD94475002DDD9F /* Debug */,
				4702FFBB1FD94475002DDD9F /* Release */,
			);
			defaultConfigurationIsVisible = 0;
			defaultConfigurationName = Release;
		};
/* End XCConfigurationList section */
	};
	rootObject = 4702FF9F1FD94474002DDD9F /* Project object */;
}
